// !$*UTF8*$!
{
	archiveVersion = 1;
	classes = {
	};
	objectVersion = 50;
	objects = {

/* Begin PBXBuildFile section */
		AA141BF02589B3F000597DB0 /* iOSFinalProjectApp.swift in Sources */ = {isa = PBXBuildFile; fileRef = AA141BEF2589B3F000597DB0 /* iOSFinalProjectApp.swift */; };
		AA141BF22589B3F000597DB0 /* ContentView.swift in Sources */ = {isa = PBXBuildFile; fileRef = AA141BF12589B3F000597DB0 /* ContentView.swift */; };
		AA141BF42589B3F000597DB0 /* Assets.xcassets in Resources */ = {isa = PBXBuildFile; fileRef = AA141BF32589B3F000597DB0 /* Assets.xcassets */; };
		AA141BF72589B3F000597DB0 /* Preview Assets.xcassets in Resources */ = {isa = PBXBuildFile; fileRef = AA141BF62589B3F000597DB0 /* Preview Assets.xcassets */; };
		AA141BF92589B3F000597DB0 /* Persistence.swift in Sources */ = {isa = PBXBuildFile; fileRef = AA141BF82589B3F000597DB0 /* Persistence.swift */; };
		AA141BFC2589B3F000597DB0 /* iOSFinalProject.xcdatamodeld in Sources */ = {isa = PBXBuildFile; fileRef = AA141BFA2589B3F000597DB0 /* iOSFinalProject.xcdatamodeld */; };
/* End PBXBuildFile section */

/* Begin PBXFileReference section */
		AA141BEC2589B3F000597DB0 /* iOSFinalProject.app */ = {isa = PBXFileReference; explicitFileType = wrapper.application; includeInIndex = 0; path = iOSFinalProject.app; sourceTree = BUILT_PRODUCTS_DIR; };
		AA141BEF2589B3F000597DB0 /* iOSFinalProjectApp.swift */ = {isa = PBXFileReference; lastKnownFileType = sourcecode.swift; path = iOSFinalProjectApp.swift; sourceTree = "<group>"; };
		AA141BF12589B3F000597DB0 /* ContentView.swift */ = {isa = PBXFileReference; lastKnownFileType = sourcecode.swift; path = ContentView.swift; sourceTree = "<group>"; };
		AA141BF32589B3F000597DB0 /* Assets.xcassets */ = {isa = PBXFileReference; lastKnownFileType = folder.assetcatalog; path = Assets.xcassets; sourceTree = "<group>"; };
		AA141BF62589B3F000597DB0 /* Preview Assets.xcassets */ = {isa = PBXFileReference; lastKnownFileType = folder.assetcatalog; path = "Preview Assets.xcassets"; sourceTree = "<group>"; };
		AA141BF82589B3F000597DB0 /* Persistence.swift */ = {isa = PBXFileReference; lastKnownFileType = sourcecode.swift; path = Persistence.swift; sourceTree = "<group>"; };
		AA141BFB2589B3F000597DB0 /* iOSFinalProject.xcdatamodel */ = {isa = PBXFileReference; lastKnownFileType = wrapper.xcdatamodel; path = iOSFinalProject.xcdatamodel; sourceTree = "<group>"; };
		AA141BFD2589B3F000597DB0 /* Info.plist */ = {isa = PBXFileReference; lastKnownFileType = text.plist.xml; path = Info.plist; sourceTree = "<group>"; };
/* End PBXFileReference section */

/* Begin PBXFrameworksBuildPhase section */
		AA141BE92589B3F000597DB0 /* Frameworks */ = {
			isa = PBXFrameworksBuildPhase;
			buildActionMask = 2147483647;
			files = (
			);
			runOnlyForDeploymentPostprocessing = 0;
		};
/* End PBXFrameworksBuildPhase section */

/* Begin PBXGroup section */
		AA141BE32589B3F000597DB0 = {
			isa = PBXGroup;
			children = (
				AA141BEE2589B3F000597DB0 /* iOSFinalProject */,
				AA141BED2589B3F000597DB0 /* Products */,
			);
			sourceTree = "<group>";
		};
		AA141BED2589B3F000597DB0 /* Products */ = {
			isa = PBXGroup;
			children = (
				AA141BEC2589B3F000597DB0 /* iOSFinalProject.app */,
			);
			name = Products;
			sourceTree = "<group>";
		};
		AA141BEE2589B3F000597DB0 /* iOSFinalProject */ = {
			isa = PBXGroup;
			children = (
				AA141BEF2589B3F000597DB0 /* iOSFinalProjectApp.swift */,
				AA141BF12589B3F000597DB0 /* ContentView.swift */,
				AA141BF32589B3F000597DB0 /* Assets.xcassets */,
				AA141BF82589B3F000597DB0 /* Persistence.swift */,
				AA141BFD2589B3F000597DB0 /* Info.plist */,
				AA141BFA2589B3F000597DB0 /* iOSFinalProject.xcdatamodeld */,
				AA141BF52589B3F000597DB0 /* Preview Content */,
			);
			path = iOSFinalProject;
			sourceTree = "<group>";
		};
		AA141BF52589B3F000597DB0 /* Preview Content */ = {
			isa = PBXGroup;
			children = (
				AA141BF62589B3F000597DB0 /* Preview Assets.xcassets */,
			);
			path = "Preview Content";
			sourceTree = "<group>";
		};
/* End PBXGroup section */

/* Begin PBXNativeTarget section */
		AA141BEB2589B3F000597DB0 /* iOSFinalProject */ = {
			isa = PBXNativeTarget;
			buildConfigurationList = AA141C002589B3F000597DB0 /* Build configuration list for PBXNativeTarget "iOSFinalProject" */;
			buildPhases = (
				AA141BE82589B3F000597DB0 /* Sources */,
				AA141BE92589B3F000597DB0 /* Frameworks */,
				AA141BEA2589B3F000597DB0 /* Resources */,
			);
			buildRules = (
			);
			dependencies = (
			);
			name = iOSFinalProject;
			productName = iOSFinalProject;
			productReference = AA141BEC2589B3F000597DB0 /* iOSFinalProject.app */;
			productType = "com.apple.product-type.application";
		};
/* End PBXNativeTarget section */

/* Begin PBXProject section */
		AA141BE42589B3F000597DB0 /* Project object */ = {
			isa = PBXProject;
			attributes = {
				LastSwiftUpdateCheck = 1230;
				LastUpgradeCheck = 1230;
				TargetAttributes = {
					AA141BEB2589B3F000597DB0 = {
						CreatedOnToolsVersion = 12.3;
					};
				};
			};
			buildConfigurationList = AA141BE72589B3F000597DB0 /* Build configuration list for PBXProject "iOSFinalProject" */;
			compatibilityVersion = "Xcode 9.3";
			developmentRegion = en;
			hasScannedForEncodings = 0;
			knownRegions = (
				en,
				Base,
			);
			mainGroup = AA141BE32589B3F000597DB0;
			productRefGroup = AA141BED2589B3F000597DB0 /* Products */;
			projectDirPath = "";
			projectRoot = "";
			targets = (
				AA141BEB2589B3F000597DB0 /* iOSFinalProject */,
			);
		};
/* End PBXProject section */

/* Begin PBXResourcesBuildPhase section */
		AA141BEA2589B3F000597DB0 /* Resources */ = {
			isa = PBXResourcesBuildPhase;
			buildActionMask = 2147483647;
			files = (
				AA141BF72589B3F000597DB0 /* Preview Assets.xcassets in Resources */,
				AA141BF42589B3F000597DB0 /* Assets.xcassets in Resources */,
			);
			runOnlyForDeploymentPostprocessing = 0;
		};
/* End PBXResourcesBuildPhase section */

/* Begin PBXSourcesBuildPhase section */
		AA141BE82589B3F000597DB0 /* Sources */ = {
			isa = PBXSourcesBuildPhase;
			buildActionMask = 2147483647;
			files = (
				AA141BFC2589B3F000597DB0 /* iOSFinalProject.xcdatamodeld in Sources */,
				AA141BF92589B3F000597DB0 /* Persistence.swift in Sources */,
				AA141BF22589B3F000597DB0 /* ContentView.swift in Sources */,
				AA141BF02589B3F000597DB0 /* iOSFinalProjectApp.swift in Sources */,
			);
			runOnlyForDeploymentPostprocessing = 0;
		};
/* End PBXSourcesBuildPhase section */

/* Begin XCBuildConfiguration section */
		AA141BFE2589B3F000597DB0 /* Debug */ = {
			isa = XCBuildConfiguration;
			buildSettings = {
				ALWAYS_SEARCH_USER_PATHS = NO;
				CLANG_ANALYZER_NONNULL = YES;
				CLANG_ANALYZER_NUMBER_OBJECT_CONVERSION = YES_AGGRESSIVE;
				CLANG_CXX_LANGUAGE_STANDARD = "gnu++14";
				CLANG_CXX_LIBRARY = "libc++";
				CLANG_ENABLE_MODULES = YES;
				CLANG_ENABLE_OBJC_ARC = YES;
				CLANG_ENABLE_OBJC_WEAK = YES;
				CLANG_WARN_BLOCK_CAPTURE_AUTORELEASING = YES;
				CLANG_WARN_BOOL_CONVERSION = YES;
				CLANG_WARN_COMMA = YES;
				CLANG_WARN_CONSTANT_CONVERSION = YES;
				CLANG_WARN_DEPRECATED_OBJC_IMPLEMENTATIONS = YES;
				CLANG_WARN_DIRECT_OBJC_ISA_USAGE = YES_ERROR;
				CLANG_WARN_DOCUMENTATION_COMMENTS = YES;
				CLANG_WARN_EMPTY_BODY = YES;
				CLANG_WARN_ENUM_CONVERSION = YES;
				CLANG_WARN_INFINITE_RECURSION = YES;
				CLANG_WARN_INT_CONVERSION = YES;
				CLANG_WARN_NON_LITERAL_NULL_CONVERSION = YES;
				CLANG_WARN_OBJC_IMPLICIT_RETAIN_SELF = YES;
				CLANG_WARN_OBJC_LITERAL_CONVERSION = YES;
				CLANG_WARN_OBJC_ROOT_CLASS = YES_ERROR;
				CLANG_WARN_QUOTED_INCLUDE_IN_FRAMEWORK_HEADER = YES;
				CLANG_WARN_RANGE_LOOP_ANALYSIS = YES;
				CLANG_WARN_STRICT_PROTOTYPES = YES;
				CLANG_WARN_SUSPICIOUS_MOVE = YES;
				CLANG_WARN_UNGUARDED_AVAILABILITY = YES_AGGRESSIVE;
				CLANG_WARN_UNREACHABLE_CODE = YES;
				CLANG_WARN__DUPLICATE_METHOD_MATCH = YES;
				COPY_PHASE_STRIP = NO;
				DEBUG_INFORMATION_FORMAT = dwarf;
				ENABLE_STRICT_OBJC_MSGSEND = YES;
				ENABLE_TESTABILITY = YES;
				GCC_C_LANGUAGE_STANDARD = gnu11;
				GCC_DYNAMIC_NO_PIC = NO;
				GCC_NO_COMMON_BLOCKS = YES;
				GCC_OPTIMIZATION_LEVEL = 0;
				GCC_PREPROCESSOR_DEFINITIONS = (
					"DEBUG=1",
					"$(inherited)",
				);
				GCC_WARN_64_TO_32_BIT_CONVERSION = YES;
				GCC_WARN_ABOUT_RETURN_TYPE = YES_ERROR;
				GCC_WARN_UNDECLARED_SELECTOR = YES;
				GCC_WARN_UNINITIALIZED_AUTOS = YES_AGGRESSIVE;
				GCC_WARN_UNUSED_FUNCTION = YES;
				GCC_WARN_UNUSED_VARIABLE = YES;
				IPHONEOS_DEPLOYMENT_TARGET = 14.3;
				MTL_ENABLE_DEBUG_INFO = INCLUDE_SOURCE;
				MTL_FAST_MATH = YES;
				ONLY_ACTIVE_ARCH = YES;
				SDKROOT = iphoneos;
				SWIFT_ACTIVE_COMPILATION_CONDITIONS = DEBUG;
				SWIFT_OPTIMIZATION_LEVEL = "-Onone";
			};
			name = Debug;
		};
		AA141BFF2589B3F000597DB0 /* Release */ = {
			isa = XCBuildConfiguration;
			buildSettings = {
				ALWAYS_SEARCH_USER_PATHS = NO;
				CLANG_ANALYZER_NONNULL = YES;
				CLANG_ANALYZER_NUMBER_OBJECT_CONVERSION = YES_AGGRESSIVE;
				CLANG_CXX_LANGUAGE_STANDARD = "gnu++14";
				CLANG_CXX_LIBRARY = "libc++";
				CLANG_ENABLE_MODULES = YES;
				CLANG_ENABLE_OBJC_ARC = YES;
				CLANG_ENABLE_OBJC_WEAK = YES;
				CLANG_WARN_BLOCK_CAPTURE_AUTORELEASING = YES;
				CLANG_WARN_BOOL_CONVERSION = YES;
				CLANG_WARN_COMMA = YES;
				CLANG_WARN_CONSTANT_CONVERSION = YES;
				CLANG_WARN_DEPRECATED_OBJC_IMPLEMENTATIONS = YES;
				CLANG_WARN_DIRECT_OBJC_ISA_USAGE = YES_ERROR;
				CLANG_WARN_DOCUMENTATION_COMMENTS = YES;
				CLANG_WARN_EMPTY_BODY = YES;
				CLANG_WARN_ENUM_CONVERSION = YES;
				CLANG_WARN_INFINITE_RECURSION = YES;
				CLANG_WARN_INT_CONVERSION = YES;
				CLANG_WARN_NON_LITERAL_NULL_CONVERSION = YES;
				CLANG_WARN_OBJC_IMPLICIT_RETAIN_SELF = YES;
				CLANG_WARN_OBJC_LITERAL_CONVERSION = YES;
				CLANG_WARN_OBJC_ROOT_CLASS = YES_ERROR;
				CLANG_WARN_QUOTED_INCLUDE_IN_FRAMEWORK_HEADER = YES;
				CLANG_WARN_RANGE_LOOP_ANALYSIS = YES;
				CLANG_WARN_STRICT_PROTOTYPES = YES;
				CLANG_WARN_SUSPICIOUS_MOVE = YES;
				CLANG_WARN_UNGUARDED_AVAILABILITY = YES_AGGRESSIVE;
				CLANG_WARN_UNREACHABLE_CODE = YES;
				CLANG_WARN__DUPLICATE_METHOD_MATCH = YES;
				COPY_PHASE_STRIP = NO;
				DEBUG_INFORMATION_FORMAT = "dwarf-with-dsym";
				ENABLE_NS_ASSERTIONS = NO;
				ENABLE_STRICT_OBJC_MSGSEND = YES;
				GCC_C_LANGUAGE_STANDARD = gnu11;
				GCC_NO_COMMON_BLOCKS = YES;
				GCC_WARN_64_TO_32_BIT_CONVERSION = YES;
				GCC_WARN_ABOUT_RETURN_TYPE = YES_ERROR;
				GCC_WARN_UNDECLARED_SELECTOR = YES;
				GCC_WARN_UNINITIALIZED_AUTOS = YES_AGGRESSIVE;
				GCC_WARN_UNUSED_FUNCTION = YES;
				GCC_WARN_UNUSED_VARIABLE = YES;
				IPHONEOS_DEPLOYMENT_TARGET = 14.3;
				MTL_ENABLE_DEBUG_INFO = NO;
				MTL_FAST_MATH = YES;
				SDKROOT = iphoneos;
				SWIFT_COMPILATION_MODE = wholemodule;
				SWIFT_OPTIMIZATION_LEVEL = "-O";
				VALIDATE_PRODUCT = YES;
			};
			name = Release;
		};
		AA141C012589B3F000597DB0 /* Debug */ = {
			isa = XCBuildConfiguration;
			buildSettings = {
				ASSETCATALOG_COMPILER_APPICON_NAME = AppIcon;
				ASSETCATALOG_COMPILER_GLOBAL_ACCENT_COLOR_NAME = AccentColor;
				CODE_SIGN_STYLE = Automatic;
				DEVELOPMENT_ASSET_PATHS = "\"iOSFinalProject/Preview Content\"";
				ENABLE_PREVIEWS = YES;
				INFOPLIST_FILE = iOSFinalProject/Info.plist;
				IPHONEOS_DEPLOYMENT_TARGET = 14.0;
				LD_RUNPATH_SEARCH_PATHS = (
					"$(inherited)",
					"@executable_path/Frameworks",
				);
				PRODUCT_BUNDLE_IDENTIFIER = steve.iOSFinalProject;
				PRODUCT_NAME = "$(TARGET_NAME)";
				SWIFT_VERSION = 5.0;
				TARGETED_DEVICE_FAMILY = "1,2";
			};
			name = Debug;
		};
		AA141C022589B3F000597DB0 /* Release */ = {
			isa = XCBuildConfiguration;
			buildSettings = {
				ASSETCATALOG_COMPILER_APPICON_NAME = AppIcon;
				ASSETCATALOG_COMPILER_GLOBAL_ACCENT_COLOR_NAME = AccentColor;
				CODE_SIGN_STYLE = Automatic;
				DEVELOPMENT_ASSET_PATHS = "\"iOSFinalProject/Preview Content\"";
				ENABLE_PREVIEWS = YES;
				INFOPLIST_FILE = iOSFinalProject/Info.plist;
				IPHONEOS_DEPLOYMENT_TARGET = 14.0;
				LD_RUNPATH_SEARCH_PATHS = (
					"$(inherited)",
					"@executable_path/Frameworks",
				);
				PRODUCT_BUNDLE_IDENTIFIER = steve.iOSFinalProject;
				PRODUCT_NAME = "$(TARGET_NAME)";
				SWIFT_VERSION = 5.0;
				TARGETED_DEVICE_FAMILY = "1,2";
			};
			name = Release;
		};
/* End XCBuildConfiguration section */

/* Begin XCConfigurationList section */
		AA141BE72589B3F000597DB0 /* Build configuration list for PBXProject "iOSFinalProject" */ = {
			isa = XCConfigurationList;
			buildConfigurations = (
				AA141BFE2589B3F000597DB0 /* Debug */,
				AA141BFF2589B3F000597DB0 /* Release */,
			);
			defaultConfigurationIsVisible = 0;
			defaultConfigurationName = Release;
		};
		AA141C002589B3F000597DB0 /* Build configuration list for PBXNativeTarget "iOSFinalProject" */ = {
			isa = XCConfigurationList;
			buildConfigurations = (
				AA141C012589B3F000597DB0 /* Debug */,
				AA141C022589B3F000597DB0 /* Release */,
			);
			defaultConfigurationIsVisible = 0;
			defaultConfigurationName = Release;
		};
/* End XCConfigurationList section */

/* Begin XCVersionGroup section */
		AA141BFA2589B3F000597DB0 /* iOSFinalProject.xcdatamodeld */ = {
			isa = XCVersionGroup;
			children = (
				AA141BFB2589B3F000597DB0 /* iOSFinalProject.xcdatamodel */,
			);
			currentVersion = AA141BFB2589B3F000597DB0 /* iOSFinalProject.xcdatamodel */;
			path = iOSFinalProject.xcdatamodeld;
			sourceTree = "<group>";
			versionGroupType = wrapper.xcdatamodel;
		};
/* End XCVersionGroup section */
	};
	rootObject = AA141BE42589B3F000597DB0 /* Project object */;
}
